
Microsoft Visual Studio Solution File, Format Version 12.00
# Visual Studio 2012
Project("{FAE04EC0-301F-11D3-BF4B-00C04F79EFBC}") = "ChineseCharacterTrainer", "ChineseCharacterTrainer\ChineseCharacterTrainer.csproj", "{0207C69C-C015-46D9-9B11-2DA221DDC980}"
EndProject
Project("{FAE04EC0-301F-11D3-BF4B-00C04F79EFBC}") = "ChineseCharacterTrainer.Library", "ChineseCharacterTrainer.Library\ChineseCharacterTrainer.Library.csproj", "{DD65BAB5-F889-4EAD-9EEC-0E360FAD9E18}"
EndProject
Project("{FAE04EC0-301F-11D3-BF4B-00C04F79EFBC}") = "ChineseCharacterTrainer.UnitTest", "ChineseCharacterTrainer.UnitTest\ChineseCharacterTrainer.UnitTest.csproj", "{6320EA22-1829-4788-8E78-8C425A7F7252}"
EndProject
Project("{FAE04EC0-301F-11D3-BF4B-00C04F79EFBC}") = "ChineseCharacterTrainer.Implementation", "ChineseCharacterTrainer.Implementation\ChineseCharacterTrainer.Implementation.csproj", "{703AA16A-767C-4726-9253-F2417796B892}"
EndProject
Project("{FAE04EC0-301F-11D3-BF4B-00C04F79EFBC}") = "ChineseCharacterTrainer.IntegrationTest", "ChineseCharacterTrainer.IntegrationTest\ChineseCharacterTrainer.IntegrationTest.csproj", "{52B4ACFC-D5F7-43EE-A31B-EB5358D94660}"
EndProject
Project("{2150E333-8FDC-42A3-9474-1A3956D46DE8}") = "Dictionaries", "Dictionaries", "{25E5F6D5-83BE-43F5-A5F9-5B2CE8F48D09}"
EndProject
Global
	GlobalSection(SolutionConfigurationPlatforms) = preSolution
		Debug|Any CPU = Debug|Any CPU
		Release|Any CPU = Release|Any CPU
	EndGlobalSection
	GlobalSection(ProjectConfigurationPlatforms) = postSolution
		{0207C69C-C015-46D9-9B11-2DA221DDC980}.Debug|Any CPU.ActiveCfg = Debug|Any CPU
		{0207C69C-C015-46D9-9B11-2DA221DDC980}.Debug|Any CPU.Build.0 = Debug|Any CPU
		{0207C69C-C015-46D9-9B11-2DA221DDC980}.Release|Any CPU.ActiveCfg = Release|Any CPU
		{0207C69C-C015-46D9-9B11-2DA221DDC980}.Release|Any CPU.Build.0 = Release|Any CPU
		{DD65BAB5-F889-4EAD-9EEC-0E360FAD9E18}.Debug|Any CPU.ActiveCfg = Debug|Any CPU
		{DD65BAB5-F889-4EAD-9EEC-0E360FAD9E18}.Debug|Any CPU.Build.0 = Debug|Any CPU
		{DD65BAB5-F889-4EAD-9EEC-0E360FAD9E18}.Release|Any CPU.ActiveCfg = Release|Any CPU
		{DD65BAB5-F889-4EAD-9EEC-0E360FAD9E18}.Release|Any CPU.Build.0 = Release|Any CPU
		{6320EA22-1829-4788-8E78-8C425A7F7252}.Debug|Any CPU.ActiveCfg = Debug|Any CPU
		{6320EA22-1829-4788-8E78-8C425A7F7252}.Debug|Any CPU.Build.0 = Debug|Any CPU
		{6320EA22-1829-4788-8E78-8C425A7F7252}.Release|Any CPU.ActiveCfg = Release|Any CPU
		{6320EA22-1829-4788-8E78-8C425A7F7252}.Release|Any CPU.Build.0 = Release|Any CPU
		{703AA16A-767C-4726-9253-F2417796B892}.Debug|Any CPU.ActiveCfg = Debug|Any CPU
		{703AA16A-767C-4726-9253-F2417796B892}.Debug|Any CPU.Build.0 = Debug|Any CPU
		{703AA16A-767C-4726-9253-F2417796B892}.Release|Any CPU.ActiveCfg = Release|Any CPU
		{703AA16A-767C-4726-9253-F2417796B892}.Release|Any CPU.Build.0 = Release|Any CPU
		{52B4ACFC-D5F7-43EE-A31B-EB5358D94660}.Debug|Any CPU.ActiveCfg = Debug|Any CPU
		{52B4ACFC-D5F7-43EE-A31B-EB5358D94660}.Debug|Any CPU.Build.0 = Debug|Any CPU
		{52B4ACFC-D5F7-43EE-A31B-EB5358D94660}.Release|Any CPU.ActiveCfg = Release|Any CPU
		{52B4ACFC-D5F7-43EE-A31B-EB5358D94660}.Release|Any CPU.Build.0 = Release|Any CPU
	EndGlobalSection
	GlobalSection(SolutionProperties) = preSolution
		HideSolutionNode = FALSE
	EndGlobalSection
EndGlobal
